
Microsoft Visual Studio Solution File, Format Version 12.00
# Visual Studio 15
VisualStudioVersion = 15.0.28010.2003
MinimumVisualStudioVersion = 10.0.40219.1
Project("{F184B08F-C81C-45F6-A57F-5ABD9991F28F}") = "FeedbackManagementGGU", "FeedbackManagementGGU\FeedbackManagementGGU.vbproj", "{61A2032D-C1F3-4B00-99ED-E46BCE065361}"
EndProject
Project("{54435603-DBB4-11D2-8724-00A0C9A8B90C}") = "GGU Feedback", "GGU Feedback\GGU Feedback.vdproj", "{E5FE1DE2-2883-4290-BC7F-239428DABC0E}"
EndProject
Global
	GlobalSection(SolutionConfigurationPlatforms) = preSolution
		Debug|Any CPU = Debug|Any CPU
		Release|Any CPU = Release|Any CPU
	EndGlobalSection
	GlobalSection(ProjectConfigurationPlatforms) = postSolution
		{61A2032D-C1F3-4B00-99ED-E46BCE065361}.Debug|Any CPU.ActiveCfg = Debug|Any CPU
		{61A2032D-C1F3-4B00-99ED-E46BCE065361}.Debug|Any CPU.Build.0 = Debug|Any CPU
		{61A2032D-C1F3-4B00-99ED-E46BCE065361}.Release|Any CPU.ActiveCfg = Release|Any CPU
		{61A2032D-C1F3-4B00-99ED-E46BCE065361}.Release|Any CPU.Build.0 = Release|Any CPU
		{E5FE1DE2-2883-4290-BC7F-239428DABC0E}.Debug|Any CPU.ActiveCfg = Debug
		{E5FE1DE2-2883-4290-BC7F-239428DABC0E}.Release|Any CPU.ActiveCfg = Release
	EndGlobalSection
	GlobalSection(SolutionProperties) = preSolution
		HideSolutionNode = FALSE
	EndGlobalSection
	GlobalSection(ExtensibilityGlobals) = postSolution
		SolutionGuid = {3C8ED878-3F29-4096-A4B1-06C5BA5260B3}
	EndGlobalSection
EndGlobal
